
Microsoft Visual Studio Solution File, Format Version 12.00
# Visual Studio Version 17
VisualStudioVersion = 17.0.31903.59
MinimumVisualStudioVersion = 10.0.40219.1
Project("{2150E333-8FDC-42A3-9474-1A3956D46DE8}") = "Solution Items", "Solution Items", "{456D47C4-6B22-4AB4-BCB8-E3B6268D11AB}"
	ProjectSection(SolutionItems) = preProject
		.gitignore = .gitignore
		Directory.Build.props = Directory.Build.props
		Readme.md = Readme.md
		http-client.http = http-client.http
	EndProjectSection
EndProject
Project("{FAE04EC0-301F-11D3-BF4B-00C04F79EFBC}") = "TheApp.WebApi", "TheApp.WebApi\TheApp.WebApi.csproj", "{4F7A80B1-9F43-4C79-AC95-A9E25F6FB071}"
EndProject
Project("{FAE04EC0-301F-11D3-BF4B-00C04F79EFBC}") = "TheApp.WebApi.Tests", "TheApp.WebApi.Tests\TheApp.WebApi.Tests.csproj", "{10F3E6A4-9371-45CB-B207-711B01B7844C}"
EndProject
Global
	GlobalSection(SolutionConfigurationPlatforms) = preSolution
		Debug|Any CPU = Debug|Any CPU
		Release|Any CPU = Release|Any CPU
	EndGlobalSection
	GlobalSection(SolutionProperties) = preSolution
		HideSolutionNode = FALSE
	EndGlobalSection
	GlobalSection(ProjectConfigurationPlatforms) = postSolution
		{4F7A80B1-9F43-4C79-AC95-A9E25F6FB071}.Debug|Any CPU.ActiveCfg = Debug|Any CPU
		{4F7A80B1-9F43-4C79-AC95-A9E25F6FB071}.Debug|Any CPU.Build.0 = Debug|Any CPU
		{4F7A80B1-9F43-4C79-AC95-A9E25F6FB071}.Release|Any CPU.ActiveCfg = Release|Any CPU
		{4F7A80B1-9F43-4C79-AC95-A9E25F6FB071}.Release|Any CPU.Build.0 = Release|Any CPU
		{10F3E6A4-9371-45CB-B207-711B01B7844C}.Debug|Any CPU.ActiveCfg = Debug|Any CPU
		{10F3E6A4-9371-45CB-B207-711B01B7844C}.Debug|Any CPU.Build.0 = Debug|Any CPU
		{10F3E6A4-9371-45CB-B207-711B01B7844C}.Release|Any CPU.ActiveCfg = Release|Any CPU
		{10F3E6A4-9371-45CB-B207-711B01B7844C}.Release|Any CPU.Build.0 = Release|Any CPU
	EndGlobalSection
EndGlobal
